<?xml version="1.0" encoding="utf-8"?>
<Project ToolsVersion="4.0" xmlns="http://schemas.microsoft.com/developer/msbuild/2003">
  <ItemGroup>
    <CustomBuild Include="CMakeFiles\225b8fdf84bf023b774434bf0ad2511d\generate.stamp.rule">
      <Filter>CMake Rules</Filter>
    </CustomBuild>
    <CustomBuild Include="CMakeFiles\225b8fdf84bf023b774434bf0ad2511d\ZERO_CHECK.rule">
      <Filter>CMake Rules</Filter>
    </CustomBuild>
  </ItemGroup>
  <ItemGroup>
    <None Include="CMakeFiles\ZERO_CHECK" />
  </ItemGroup>
  <ItemGroup>
    <Filter Include="CMake Rules">
      <UniqueIdentifier>{D1F823D2-8BF5-4594-B59F-8E3DB47D22C3}</UniqueIdentifier>
    </Filter>
  </ItemGroup>
</Project>
